terraform plan
Refreshing Terraform state in-memory prior to plan...
The refreshed state will be used to calculate this plan, but will not be
persisted to local or remote state storage.


------------------------------------------------------------------------

An execution plan has been generated and is shown below.
Resource actions are indicated with the following symbols:
  + create

Terraform will perform the following actions:

  # module.tocoder_vpc.aws_internet_gateway.tocoder_igw will be created
  + resource "aws_internet_gateway" "tocoder_igw" {
      + arn      = (known after apply)
      + id       = (known after apply)
      + owner_id = (known after apply)
      + tags     = {
          + "Name" = "tocoder-igw"
        }
      + tags_all = {
          + "Name" = "tocoder-igw"
        }
      + vpc_id   = (known after apply)
    }

  # module.tocoder_vpc.aws_route_table.tocoder_private_rt will be created
  + resource "aws_route_table" "tocoder_private_rt" {
      + arn              = (known after apply)
      + id               = (known after apply)
      + owner_id         = (known after apply)
      + propagating_vgws = (known after apply)
      + route            = (known after apply)
      + tags             = {
          + "Name" = "tocoder-private-rt"
        }
      + tags_all         = {
          + "Name" = "tocoder-private-rt"
        }
      + vpc_id           = (known after apply)
    }

  # module.tocoder_vpc.aws_route_table.tocoder_public_rt will be created
  + resource "aws_route_table" "tocoder_public_rt" {
      + arn              = (known after apply)
      + id               = (known after apply)
      + owner_id         = (known after apply)
      + propagating_vgws = (known after apply)
      + route            = [
          + {
              + carrier_gateway_id         = ""
              + cidr_block                 = "0.0.0.0/0"
              + core_network_arn           = ""
              + destination_prefix_list_id = ""
              + egress_only_gateway_id     = ""
              + gateway_id                 = (known after apply)
              + ipv6_cidr_block            = ""
              + local_gateway_id           = ""
              + nat_gateway_id             = ""
              + network_interface_id       = ""
              + transit_gateway_id         = ""
              + vpc_endpoint_id            = ""
              + vpc_peering_connection_id  = ""
            },
        ]
      + tags             = {
          + "Name" = "tocoder-public-rt"
        }
      + tags_all         = {
          + "Name" = "tocoder-public-rt"
        }
      + vpc_id           = (known after apply)
    }

  # module.tocoder_vpc.aws_route_table_association.tocoder_private_rta[0] will be created
  + resource "aws_route_table_association" "tocoder_private_rta" {
      + id             = (known after apply)
      + route_table_id = (known after apply)
      + subnet_id      = (known after apply)
    }

  # module.tocoder_vpc.aws_route_table_association.tocoder_private_rta[1] will be created
  + resource "aws_route_table_association" "tocoder_private_rta" {
      + id             = (known after apply)
      + route_table_id = (known after apply)
      + subnet_id      = (known after apply)
    }

  # module.tocoder_vpc.aws_route_table_association.tocoder_public_rta[0] will be created
  + resource "aws_route_table_association" "tocoder_public_rta" {
      + id             = (known after apply)
      + route_table_id = (known after apply)
      + subnet_id      = (known after apply)
    }

  # module.tocoder_vpc.aws_route_table_association.tocoder_public_rta[1] will be created
  + resource "aws_route_table_association" "tocoder_public_rta" {
      + id             = (known after apply)
      + route_table_id = (known after apply)
      + subnet_id      = (known after apply)
    }

  # module.tocoder_vpc.aws_security_group.tocoder_https will be created
  + resource "aws_security_group" "tocoder_https" {
      + arn                    = (known after apply)
      + description            = "Managed by Terraform"
      + egress                 = [
          + {
              + cidr_blocks      = [
                  + "0.0.0.0/0",
                ]
              + description      = ""
              + from_port        = 0
              + ipv6_cidr_blocks = []
              + prefix_list_ids  = []
              + protocol         = "-1"
              + security_groups  = []
              + self             = false
              + to_port          = 0
            },
        ]
      + id                     = (known after apply)
      + ingress                = [
          + {
              + cidr_blocks      = [
                  + "0.0.0.0/0",
                ]
              + description      = ""
              + from_port        = 443
              + ipv6_cidr_blocks = []
              + prefix_list_ids  = []
              + protocol         = "tcp"
              + security_groups  = []
              + self             = false
              + to_port          = 443
            },
        ]
      + name                   = (known after apply)
      + name_prefix            = (known after apply)
      + owner_id               = (known after apply)
      + revoke_rules_on_delete = false
      + tags                   = {
          + "Name" = "tocoder-https-sg"
        }
      + tags_all               = {
          + "Name" = "tocoder-https-sg"
        }
      + vpc_id                 = (known after apply)
    }

  # module.tocoder_vpc.aws_subnet.tocoder_private_subnet[0] will be created
  + resource "aws_subnet" "tocoder_private_subnet" {
      + arn                                            = (known after apply)
      + assign_ipv6_address_on_creation                = false
      + availability_zone                              = "us-east-1a"
      + availability_zone_id                           = (known after apply)
      + cidr_block                                     = "10.0.3.0/24"
      + enable_dns64                                   = false
      + enable_resource_name_dns_a_record_on_launch    = false
      + enable_resource_name_dns_aaaa_record_on_launch = false
      + id                                             = (known after apply)
      + ipv6_cidr_block_association_id                 = (known after apply)
      + ipv6_native                                    = false
      + map_public_ip_on_launch                        = false
      + owner_id                                       = (known after apply)
      + private_dns_hostname_type_on_launch            = (known after apply)
      + tags                                           = {
          + "Name" = "tocoder-private-1"
        }
      + tags_all                                       = {
          + "Name" = "tocoder-private-1"
        }
      + vpc_id                                         = (known after apply)
    }

  # module.tocoder_vpc.aws_subnet.tocoder_private_subnet[1] will be created
  + resource "aws_subnet" "tocoder_private_subnet" {
      + arn                                            = (known after apply)
      + assign_ipv6_address_on_creation                = false
      + availability_zone                              = "us-east-1b"
      + availability_zone_id                           = (known after apply)
      + cidr_block                                     = "10.0.4.0/24"
      + enable_dns64                                   = false
      + enable_resource_name_dns_a_record_on_launch    = false
      + enable_resource_name_dns_aaaa_record_on_launch = false
      + id                                             = (known after apply)
      + ipv6_cidr_block_association_id                 = (known after apply)
      + ipv6_native                                    = false
      + map_public_ip_on_launch                        = false
      + owner_id                                       = (known after apply)
      + private_dns_hostname_type_on_launch            = (known after apply)
      + tags                                           = {
          + "Name" = "tocoder-private-2"
        }
      + tags_all                                       = {
          + "Name" = "tocoder-private-2"
        }
      + vpc_id                                         = (known after apply)
    }

  # module.tocoder_vpc.aws_subnet.tocoder_public_subnet[0] will be created
  + resource "aws_subnet" "tocoder_public_subnet" {
      + arn                                            = (known after apply)
      + assign_ipv6_address_on_creation                = false
      + availability_zone                              = "us-east-1a"
      + availability_zone_id                           = (known after apply)
      + cidr_block                                     = "10.0.1.0/24"
      + enable_dns64                                   = false
      + enable_resource_name_dns_a_record_on_launch    = false
      + enable_resource_name_dns_aaaa_record_on_launch = false
      + id                                             = (known after apply)
      + ipv6_cidr_block_association_id                 = (known after apply)
      + ipv6_native                                    = false
      + map_public_ip_on_launch                        = true
      + owner_id                                       = (known after apply)
      + private_dns_hostname_type_on_launch            = (known after apply)
      + tags                                           = {
          + "Name" = "tocoder-public-1"
        }
      + tags_all                                       = {
          + "Name" = "tocoder-public-1"
        }
      + vpc_id                                         = (known after apply)
    }

  # module.tocoder_vpc.aws_subnet.tocoder_public_subnet[1] will be created
  + resource "aws_subnet" "tocoder_public_subnet" {
      + arn                                            = (known after apply)
      + assign_ipv6_address_on_creation                = false
      + availability_zone                              = "us-east-1b"
      + availability_zone_id                           = (known after apply)
      + cidr_block                                     = "10.0.2.0/24"
      + enable_dns64                                   = false
      + enable_resource_name_dns_a_record_on_launch    = false
      + enable_resource_name_dns_aaaa_record_on_launch = false
      + id                                             = (known after apply)
      + ipv6_cidr_block_association_id                 = (known after apply)
      + ipv6_native                                    = false
      + map_public_ip_on_launch                        = true
      + owner_id                                       = (known after apply)
      + private_dns_hostname_type_on_launch            = (known after apply)
      + tags                                           = {
          + "Name" = "tocoder-public-2"
        }
      + tags_all                                       = {
          + "Name" = "tocoder-public-2"
        }
      + vpc_id                                         = (known after apply)
    }

  # module.tocoder_vpc.aws_vpc.tocoder_vpc will be created
  + resource "aws_vpc" "tocoder_vpc" {
      + arn                                  = (known after apply)
      + cidr_block                           = "10.0.0.0/16"
      + default_network_acl_id               = (known after apply)
      + default_route_table_id               = (known after apply)
      + default_security_group_id            = (known after apply)
      + dhcp_options_id                      = (known after apply)
      + enable_dns_hostnames                 = (known after apply)
      + enable_dns_support                   = true
      + enable_network_address_usage_metrics = (known after apply)
      + id                                   = (known after apply)
      + instance_tenancy                     = "default"
      + ipv6_association_id                  = (known after apply)
      + ipv6_cidr_block                      = (known after apply)
      + ipv6_cidr_block_network_border_group = (known after apply)
      + main_route_table_id                  = (known after apply)
      + owner_id                             = (known after apply)
      + tags_all                             = (known after apply)
    }

Plan: 13 to add, 0 to change, 0 to destroy.